// !$*UTF8*$!
{
	archiveVersion = 1;
	classes = {
	};
	objectVersion = 48;
	objects = {

/* Begin PBXBuildFile section */
		370A7D521FDFCE7900A7157F /* AppDelegate.m in Sources */ = {isa = PBXBuildFile; fileRef = 370A7D511FDFCE7900A7157F /* AppDelegate.m */; };
		370A7D5A1FDFCE7900A7157F /* Assets.xcassets in Resources */ = {isa = PBXBuildFile; fileRef = 370A7D591FDFCE7900A7157F /* Assets.xcassets */; };
		370A7D601FDFCE7900A7157F /* main.m in Sources */ = {isa = PBXBuildFile; fileRef = 370A7D5F1FDFCE7900A7157F /* main.m */; };
		370A7D681FDFCF5400A7157F /* CDMainTestVCViewController.m in Sources */ = {isa = PBXBuildFile; fileRef = 370A7D671FDFCF5400A7157F /* CDMainTestVCViewController.m */; };
		370A7D6B1FDFD18600A7157F /* Images.xcassets in Resources */ = {isa = PBXBuildFile; fileRef = 370A7D6A1FDFD18600A7157F /* Images.xcassets */; };
		370A7D6F1FDFD57C00A7157F /* CDBaseTableViewCell.m in Sources */ = {isa = PBXBuildFile; fileRef = 370A7D6E1FDFD57C00A7157F /* CDBaseTableViewCell.m */; };
		370A7D731FDFD60B00A7157F /* CDAutoCountHeightVC.m in Sources */ = {isa = PBXBuildFile; fileRef = 370A7D721FDFD60B00A7157F /* CDAutoCountHeightVC.m */; };
		370A7D761FDFD63D00A7157F /* CDAutoTestCell.m in Sources */ = {isa = PBXBuildFile; fileRef = 370A7D751FDFD63D00A7157F /* CDAutoTestCell.m */; };
		370A7D781FDFDAF000A7157F /* dataSourceList.plist in Resources */ = {isa = PBXBuildFile; fileRef = 370A7D771FDFDAF000A7157F /* dataSourceList.plist */; };
		37A70DBD1FE8A91200CC7592 /* AQAnimationsUsageVC.m in Sources */ = {isa = PBXBuildFile; fileRef = 37A70DBC1FE8A91200CC7592 /* AQAnimationsUsageVC.m */; };
		37A70DC11FE9025200CC7592 /* AQMasnoryUsageVC.m in Sources */ = {isa = PBXBuildFile; fileRef = 37A70DC01FE9025200CC7592 /* AQMasnoryUsageVC.m */; };
		37A70DC51FE9203200CC7592 /* CDConstraintsPriorityVC.m in Sources */ = {isa = PBXBuildFile; fileRef = 37A70DC41FE9203200CC7592 /* CDConstraintsPriorityVC.m */; };
		9AA35386D02C0FAF086639C3 /* libPods-CDMasonryUsageDemo.a in Frameworks */ = {isa = PBXBuildFile; fileRef = A6626ED36AFE8F2A8B37E174 /* libPods-CDMasonryUsageDemo.a */; };
/* End PBXBuildFile section */

/* Begin PBXFileReference section */
		0C00F9847A89C9F1DD27780E /* Pods-CDMasonryUsageDemo.release.xcconfig */ = {isa = PBXFileReference; includeInIndex = 1; lastKnownFileType = text.xcconfig; name = "Pods-CDMasonryUsageDemo.release.xcconfig"; path = "Pods/Target Support Files/Pods-CDMasonryUsageDemo/Pods-CDMasonryUsageDemo.release.xcconfig"; sourceTree = "<group>"; };
		0DBCE6B0978A4375D2C68987 /* Pods-CDMasonryUsageDemo.debug.xcconfig */ = {isa = PBXFileReference; includeInIndex = 1; lastKnownFileType = text.xcconfig; name = "Pods-CDMasonryUsageDemo.debug.xcconfig"; path = "Pods/Target Support Files/Pods-CDMasonryUsageDemo/Pods-CDMasonryUsageDemo.debug.xcconfig"; sourceTree = "<group>"; };
		370A7D4D1FDFCE7900A7157F /* CDMasonryUsageDemo.app */ = {isa = PBXFileReference; explicitFileType = wrapper.application; includeInIndex = 0; path = CDMasonryUsageDemo.app; sourceTree = BUILT_PRODUCTS_DIR; };
		370A7D501FDFCE7900A7157F /* AppDelegate.h */ = {isa = PBXFileReference; lastKnownFileType = sourcecode.c.h; path = AppDelegate.h; sourceTree = "<group>"; };
		370A7D511FDFCE7900A7157F /* AppDelegate.m */ = {isa = PBXFileReference; lastKnownFileType = sourcecode.c.objc; path = AppDelegate.m; sourceTree = "<group>"; };
		370A7D591FDFCE7900A7157F /* Assets.xcassets */ = {isa = PBXFileReference; lastKnownFileType = folder.assetcatalog; path = Assets.xcassets; sourceTree = "<group>"; };
		370A7D5E1FDFCE7900A7157F /* Info.plist */ = {isa = PBXFileReference; lastKnownFileType = text.plist.xml; path = Info.plist; sourceTree = "<group>"; };
		370A7D5F1FDFCE7900A7157F /* main.m */ = {isa = PBXFileReference; lastKnownFileType = sourcecode.c.objc; path = main.m; sourceTree = "<group>"; };
		370A7D661FDFCF5400A7157F /* CDMainTestVCViewController.h */ = {isa = PBXFileReference; lastKnownFileType = sourcecode.c.h; path = CDMainTestVCViewController.h; sourceTree = "<group>"; };
		370A7D671FDFCF5400A7157F /* CDMainTestVCViewController.m */ = {isa = PBXFileReference; lastKnownFileType = sourcecode.c.objc; path = CDMainTestVCViewController.m; sourceTree = "<group>"; };
		370A7D6A1FDFD18600A7157F /* Images.xcassets */ = {isa = PBXFileReference; lastKnownFileType = folder.assetcatalog; path = Images.xcassets; sourceTree = "<group>"; };
		370A7D6D1FDFD57C00A7157F /* CDBaseTableViewCell.h */ = {isa = PBXFileReference; fileEncoding = 4; lastKnownFileType = sourcecode.c.h; path = CDBaseTableViewCell.h; sourceTree = "<group>"; };
		370A7D6E1FDFD57C00A7157F /* CDBaseTableViewCell.m */ = {isa = PBXFileReference; fileEncoding = 4; lastKnownFileType = sourcecode.c.objc; path = CDBaseTableViewCell.m; sourceTree = "<group>"; };
		370A7D711FDFD60B00A7157F /* CDAutoCountHeightVC.h */ = {isa = PBXFileReference; lastKnownFileType = sourcecode.c.h; path = CDAutoCountHeightVC.h; sourceTree = "<group>"; };
		370A7D721FDFD60B00A7157F /* CDAutoCountHeightVC.m */ = {isa = PBXFileReference; lastKnownFileType = sourcecode.c.objc; path = CDAutoCountHeightVC.m; sourceTree = "<group>"; };
		370A7D741FDFD63D00A7157F /* CDAutoTestCell.h */ = {isa = PBXFileReference; lastKnownFileType = sourcecode.c.h; path = CDAutoTestCell.h; sourceTree = "<group>"; };
		370A7D751FDFD63D00A7157F /* CDAutoTestCell.m */ = {isa = PBXFileReference; lastKnownFileType = sourcecode.c.objc; path = CDAutoTestCell.m; sourceTree = "<group>"; };
		370A7D771FDFDAF000A7157F /* dataSourceList.plist */ = {isa = PBXFileReference; fileEncoding = 4; lastKnownFileType = text.plist.xml; path = dataSourceList.plist; sourceTree = "<group>"; };
		37A70DBB1FE8A91200CC7592 /* AQAnimationsUsageVC.h */ = {isa = PBXFileReference; lastKnownFileType = sourcecode.c.h; path = AQAnimationsUsageVC.h; sourceTree = "<group>"; };
		37A70DBC1FE8A91200CC7592 /* AQAnimationsUsageVC.m */ = {isa = PBXFileReference; lastKnownFileType = sourcecode.c.objc; path = AQAnimationsUsageVC.m; sourceTree = "<group>"; };
		37A70DBF1FE9025200CC7592 /* AQMasnoryUsageVC.h */ = {isa = PBXFileReference; lastKnownFileType = sourcecode.c.h; path = AQMasnoryUsageVC.h; sourceTree = "<group>"; };
		37A70DC01FE9025200CC7592 /* AQMasnoryUsageVC.m */ = {isa = PBXFileReference; lastKnownFileType = sourcecode.c.objc; path = AQMasnoryUsageVC.m; sourceTree = "<group>"; };
		37A70DC21FE91D8500CC7592 /* GeneralHeader.h */ = {isa = PBXFileReference; lastKnownFileType = sourcecode.c.h; path = GeneralHeader.h; sourceTree = "<group>"; };
		37A70DC31FE9203200CC7592 /* CDConstraintsPriorityVC.h */ = {isa = PBXFileReference; lastKnownFileType = sourcecode.c.h; path = CDConstraintsPriorityVC.h; sourceTree = "<group>"; };
		37A70DC41FE9203200CC7592 /* CDConstraintsPriorityVC.m */ = {isa = PBXFileReference; lastKnownFileType = sourcecode.c.objc; path = CDConstraintsPriorityVC.m; sourceTree = "<group>"; };
		A6626ED36AFE8F2A8B37E174 /* libPods-CDMasonryUsageDemo.a */ = {isa = PBXFileReference; explicitFileType = archive.ar; includeInIndex = 0; path = "libPods-CDMasonryUsageDemo.a"; sourceTree = BUILT_PRODUCTS_DIR; };
/* End PBXFileReference section */

/* Begin PBXFrameworksBuildPhase section */
		370A7D4A1FDFCE7900A7157F /* Frameworks */ = {
			isa = PBXFrameworksBuildPhase;
			buildActionMask = 2147483647;
			files = (
				9AA35386D02C0FAF086639C3 /* libPods-CDMasonryUsageDemo.a in Frameworks */,
			);
			runOnlyForDeploymentPostprocessing = 0;
		};
/* End PBXFrameworksBuildPhase section */

/* Begin PBXGroup section */
		1476C8EAE04BC92D5665F80C /* Frameworks */ = {
			isa = PBXGroup;
			children = (
				A6626ED36AFE8F2A8B37E174 /* libPods-CDMasonryUsageDemo.a */,
			);
			name = Frameworks;
			sourceTree = "<group>";
		};
		370A7D441FDFCE7900A7157F = {
			isa = PBXGroup;
			children = (
				370A7D4F1FDFCE7900A7157F /* CDMasonryUsageDemo */,
				370A7D4E1FDFCE7900A7157F /* Products */,
				8BF8C9E62B4294665686CCED /* Pods */,
				1476C8EAE04BC92D5665F80C /* Frameworks */,
			);
			sourceTree = "<group>";
		};
		370A7D4E1FDFCE7900A7157F /* Products */ = {
			isa = PBXGroup;
			children = (
				370A7D4D1FDFCE7900A7157F /* CDMasonryUsageDemo.app */,
			);
			name = Products;
			sourceTree = "<group>";
		};
		370A7D4F1FDFCE7900A7157F /* CDMasonryUsageDemo */ = {
			isa = PBXGroup;
			children = (
				37A70DBE1FE9023700CC7592 /* Masnory使用 */,
				37A70DBA1FE8A8B300CC7592 /* 动画 */,
				370A7D701FDFD5BF00A7157F /* 自动计算高度 */,
				370A7D501FDFCE7900A7157F /* AppDelegate.h */,
				370A7D511FDFCE7900A7157F /* AppDelegate.m */,
				370A7D661FDFCF5400A7157F /* CDMainTestVCViewController.h */,
				370A7D671FDFCF5400A7157F /* CDMainTestVCViewController.m */,
				370A7D5E1FDFCE7900A7157F /* Info.plist */,
				370A7D6C1FDFD57C00A7157F /* libs */,
				370A7D691FDFCF7300A7157F /* other */,
				370A7D6A1FDFD18600A7157F /* Images.xcassets */,
				37A70DC21FE91D8500CC7592 /* GeneralHeader.h */,
			);
			path = CDMasonryUsageDemo;
			sourceTree = "<group>";
		};
		370A7D691FDFCF7300A7157F /* other */ = {
			isa = PBXGroup;
			children = (
				370A7D591FDFCE7900A7157F /* Assets.xcassets */,
				370A7D5F1FDFCE7900A7157F /* main.m */,
			);
			path = other;
			sourceTree = "<group>";
		};
		370A7D6C1FDFD57C00A7157F /* libs */ = {
			isa = PBXGroup;
			children = (
				370A7D6D1FDFD57C00A7157F /* CDBaseTableViewCell.h */,
				370A7D6E1FDFD57C00A7157F /* CDBaseTableViewCell.m */,
			);
			path = libs;
			sourceTree = "<group>";
		};
		370A7D701FDFD5BF00A7157F /* 自动计算高度 */ = {
			isa = PBXGroup;
			children = (
				370A7D771FDFDAF000A7157F /* dataSourceList.plist */,
				370A7D711FDFD60B00A7157F /* CDAutoCountHeightVC.h */,
				370A7D721FDFD60B00A7157F /* CDAutoCountHeightVC.m */,
				370A7D741FDFD63D00A7157F /* CDAutoTestCell.h */,
				370A7D751FDFD63D00A7157F /* CDAutoTestCell.m */,
			);
			path = "自动计算高度";
			sourceTree = "<group>";
		};
		37A70DBA1FE8A8B300CC7592 /* 动画 */ = {
			isa = PBXGroup;
			children = (
				37A70DBB1FE8A91200CC7592 /* AQAnimationsUsageVC.h */,
				37A70DBC1FE8A91200CC7592 /* AQAnimationsUsageVC.m */,
			);
			path = "动画";
			sourceTree = "<group>";
		};
		37A70DBE1FE9023700CC7592 /* Masnory使用 */ = {
			isa = PBXGroup;
			children = (
				37A70DBF1FE9025200CC7592 /* AQMasnoryUsageVC.h */,
				37A70DC01FE9025200CC7592 /* AQMasnoryUsageVC.m */,
				37A70DC31FE9203200CC7592 /* CDConstraintsPriorityVC.h */,
				37A70DC41FE9203200CC7592 /* CDConstraintsPriorityVC.m */,
			);
			path = "Masnory使用";
			sourceTree = "<group>";
		};
		8BF8C9E62B4294665686CCED /* Pods */ = {
			isa = PBXGroup;
			children = (
				0DBCE6B0978A4375D2C68987 /* Pods-CDMasonryUsageDemo.debug.xcconfig */,
				0C00F9847A89C9F1DD27780E /* Pods-CDMasonryUsageDemo.release.xcconfig */,
			);
			name = Pods;
			sourceTree = "<group>";
		};
/* End PBXGroup section */

/* Begin PBXNativeTarget section */
		370A7D4C1FDFCE7900A7157F /* CDMasonryUsageDemo */ = {
			isa = PBXNativeTarget;
			buildConfigurationList = 370A7D631FDFCE7900A7157F /* Build configuration list for PBXNativeTarget "CDMasonryUsageDemo" */;
			buildPhases = (
				ADBB3338AF342619CF29C6A8 /* [CP] Check Pods Manifest.lock */,
				370A7D491FDFCE7900A7157F /* Sources */,
				370A7D4A1FDFCE7900A7157F /* Frameworks */,
				370A7D4B1FDFCE7900A7157F /* Resources */,
				9C855CC0D8F35A11E9892969 /* [CP] Embed Pods Frameworks */,
				449A190CF46899DDE8E7C66C /* [CP] Copy Pods Resources */,
			);
			buildRules = (
			);
			dependencies = (
			);
			name = CDMasonryUsageDemo;
			productName = CDMasonryUsageDemo;
			productReference = 370A7D4D1FDFCE7900A7157F /* CDMasonryUsageDemo.app */;
			productType = "com.apple.product-type.application";
		};
/* End PBXNativeTarget section */

/* Begin PBXProject section */
		370A7D451FDFCE7900A7157F /* Project object */ = {
			isa = PBXProject;
			attributes = {
				LastUpgradeCheck = 0910;
				ORGANIZATIONNAME = Cindy;
				TargetAttributes = {
					370A7D4C1FDFCE7900A7157F = {
						CreatedOnToolsVersion = 9.1;
						ProvisioningStyle = Automatic;
					};
				};
			};
			buildConfigurationList = 370A7D481FDFCE7900A7157F /* Build configuration list for PBXProject "CDMasonryUsageDemo" */;
			compatibilityVersion = "Xcode 8.0";
			developmentRegion = en;
			hasScannedForEncodings = 0;
			knownRegions = (
				en,
				Base,
			);
			mainGroup = 370A7D441FDFCE7900A7157F;
			productRefGroup = 370A7D4E1FDFCE7900A7157F /* Products */;
			projectDirPath = "";
			projectRoot = "";
			targets = (
				370A7D4C1FDFCE7900A7157F /* CDMasonryUsageDemo */,
			);
		};
/* End PBXProject section */

/* Begin PBXResourcesBuildPhase section */
		370A7D4B1FDFCE7900A7157F /* Resources */ = {
			isa = PBXResourcesBuildPhase;
			buildActionMask = 2147483647;
			files = (
				370A7D5A1FDFCE7900A7157F /* Assets.xcassets in Resources */,
				370A7D781FDFDAF000A7157F /* dataSourceList.plist in Resources */,
				370A7D6B1FDFD18600A7157F /* Images.xcassets in Resources */,
			);
			runOnlyForDeploymentPostprocessing = 0;
		};
/* End PBXResourcesBuildPhase section */

/* Begin PBXShellScriptBuildPhase section */
		449A190CF46899DDE8E7C66C /* [CP] Copy Pods Resources */ = {
			isa = PBXShellScriptBuildPhase;
			buildActionMask = 2147483647;
			files = (
			);
			inputPaths = (
			);
			name = "[CP] Copy Pods Resources";
			outputPaths = (
			);
			runOnlyForDeploymentPostprocessing = 0;
			shellPath = /bin/sh;
			shellScript = "\"${SRCROOT}/Pods/Target Support Files/Pods-CDMasonryUsageDemo/Pods-CDMasonryUsageDemo-resources.sh\"\n";
			showEnvVarsInLog = 0;
		};
		9C855CC0D8F35A11E9892969 /* [CP] Embed Pods Frameworks */ = {
			isa = PBXShellScriptBuildPhase;
			buildActionMask = 2147483647;
			files = (
			);
			inputPaths = (
			);
			name = "[CP] Embed Pods Frameworks";
			outputPaths = (
			);
			runOnlyForDeploymentPostprocessing = 0;
			shellPath = /bin/sh;
			shellScript = "\"${SRCROOT}/Pods/Target Support Files/Pods-CDMasonryUsageDemo/Pods-CDMasonryUsageDemo-frameworks.sh\"\n";
			showEnvVarsInLog = 0;
		};
		ADBB3338AF342619CF29C6A8 /* [CP] Check Pods Manifest.lock */ = {
			isa = PBXShellScriptBuildPhase;
			buildActionMask = 2147483647;
			files = (
			);
			inputPaths = (
				"${PODS_PODFILE_DIR_PATH}/Podfile.lock",
				"${PODS_ROOT}/Manifest.lock",
			);
			name = "[CP] Check Pods Manifest.lock";
			outputPaths = (
				"$(DERIVED_FILE_DIR)/Pods-CDMasonryUsageDemo-checkManifestLockResult.txt",
			);
			runOnlyForDeploymentPostprocessing = 0;
			shellPath = /bin/sh;
			shellScript = "diff \"${PODS_PODFILE_DIR_PATH}/Podfile.lock\" \"${PODS_ROOT}/Manifest.lock\" > /dev/null\nif [ $? != 0 ] ; then\n    # print error to STDERR\n    echo \"error: The sandbox is not in sync with the Podfile.lock. Run 'pod install' or update your CocoaPods installation.\" >&2\n    exit 1\nfi\n# This output is used by Xcode 'outputs' to avoid re-running this script phase.\necho \"SUCCESS\" > \"${SCRIPT_OUTPUT_FILE_0}\"\n";
			showEnvVarsInLog = 0;
		};
/* End PBXShellScriptBuildPhase section */

/* Begin PBXSourcesBuildPhase section */
		370A7D491FDFCE7900A7157F /* Sources */ = {
			isa = PBXSourcesBuildPhase;
			buildActionMask = 2147483647;
			files = (
				370A7D731FDFD60B00A7157F /* CDAutoCountHeightVC.m in Sources */,
				37A70DBD1FE8A91200CC7592 /* AQAnimationsUsageVC.m in Sources */,
				37A70DC51FE9203200CC7592 /* CDConstraintsPriorityVC.m in Sources */,
				370A7D601FDFCE7900A7157F /* main.m in Sources */,
				370A7D6F1FDFD57C00A7157F /* CDBaseTableViewCell.m in Sources */,
				370A7D761FDFD63D00A7157F /* CDAutoTestCell.m in Sources */,
				370A7D681FDFCF5400A7157F /* CDMainTestVCViewController.m in Sources */,
				37A70DC11FE9025200CC7592 /* AQMasnoryUsageVC.m in Sources */,
				370A7D521FDFCE7900A7157F /* AppDelegate.m in Sources */,
			);
			runOnlyForDeploymentPostprocessing = 0;
		};
/* End PBXSourcesBuildPhase section */

/* Begin XCBuildConfiguration section */
		370A7D611FDFCE7900A7157F /* Debug */ = {
			isa = XCBuildConfiguration;
			buildSettings = {
				ALWAYS_SEARCH_USER_PATHS = NO;
				CLANG_ANALYZER_NONNULL = YES;
				CLANG_ANALYZER_NUMBER_OBJECT_CONVERSION = YES_AGGRESSIVE;
				CLANG_CXX_LANGUAGE_STANDARD = "gnu++14";
				CLANG_CXX_LIBRARY = "libc++";
				CLANG_ENABLE_MODULES = YES;
				CLANG_ENABLE_OBJC_ARC = YES;
				CLANG_WARN_BLOCK_CAPTURE_AUTORELEASING = YES;
				CLANG_WARN_BOOL_CONVERSION = YES;
				CLANG_WARN_COMMA = YES;
				CLANG_WARN_CONSTANT_CONVERSION = YES;
				CLANG_WARN_DIRECT_OBJC_ISA_USAGE = YES_ERROR;
				CLANG_WARN_DOCUMENTATION_COMMENTS = YES;
				CLANG_WARN_EMPTY_BODY = YES;
				CLANG_WARN_ENUM_CONVERSION = YES;
				CLANG_WARN_INFINITE_RECURSION = YES;
				CLANG_WARN_INT_CONVERSION = YES;
				CLANG_WARN_NON_LITERAL_NULL_CONVERSION = YES;
				CLANG_WARN_OBJC_LITERAL_CONVERSION = YES;
				CLANG_WARN_OBJC_ROOT_CLASS = YES_ERROR;
				CLANG_WARN_RANGE_LOOP_ANALYSIS = YES;
				CLANG_WARN_STRICT_PROTOTYPES = YES;
				CLANG_WARN_SUSPICIOUS_MOVE = YES;
				CLANG_WARN_UNGUARDED_AVAILABILITY = YES_AGGRESSIVE;
				CLANG_WARN_UNREACHABLE_CODE = YES;
				CLANG_WARN__DUPLICATE_METHOD_MATCH = YES;
				CODE_SIGN_IDENTITY = "iPhone Developer";
				COPY_PHASE_STRIP = NO;
				DEBUG_INFORMATION_FORMAT = dwarf;
				ENABLE_STRICT_OBJC_MSGSEND = YES;
				ENABLE_TESTABILITY = YES;
				GCC_C_LANGUAGE_STANDARD = gnu11;
				GCC_DYNAMIC_NO_PIC = NO;
				GCC_NO_COMMON_BLOCKS = YES;
				GCC_OPTIMIZATION_LEVEL = 0;
				GCC_PREPROCESSOR_DEFINITIONS = (
					"DEBUG=1",
					"$(inherited)",
				);
				GCC_WARN_64_TO_32_BIT_CONVERSION = YES;
				GCC_WARN_ABOUT_RETURN_TYPE = YES_ERROR;
				GCC_WARN_UNDECLARED_SELECTOR = YES;
				GCC_WARN_UNINITIALIZED_AUTOS = YES_AGGRESSIVE;
				GCC_WARN_UNUSED_FUNCTION = YES;
				GCC_WARN_UNUSED_VARIABLE = YES;
				IPHONEOS_DEPLOYMENT_TARGET = 11.1;
				MTL_ENABLE_DEBUG_INFO = YES;
				ONLY_ACTIVE_ARCH = YES;
				SDKROOT = iphoneos;
			};
			name = Debug;
		};
		370A7D621FDFCE7900A7157F /* Release */ = {
			isa = XCBuildConfiguration;
			buildSettings = {
				ALWAYS_SEARCH_USER_PATHS = NO;
				CLANG_ANALYZER_NONNULL = YES;
				CLANG_ANALYZER_NUMBER_OBJECT_CONVERSION = YES_AGGRESSIVE;
				CLANG_CXX_LANGUAGE_STANDARD = "gnu++14";
				CLANG_CXX_LIBRARY = "libc++";
				CLANG_ENABLE_MODULES = YES;
				CLANG_ENABLE_OBJC_ARC = YES;
				CLANG_WARN_BLOCK_CAPTURE_AUTORELEASING = YES;
				CLANG_WARN_BOOL_CONVERSION = YES;
				CLANG_WARN_COMMA = YES;
				CLANG_WARN_CONSTANT_CONVERSION = YES;
				CLANG_WARN_DIRECT_OBJC_ISA_USAGE = YES_ERROR;
				CLANG_WARN_DOCUMENTATION_COMMENTS = YES;
				CLANG_WARN_EMPTY_BODY = YES;
				CLANG_WARN_ENUM_CONVERSION = YES;
				CLANG_WARN_INFINITE_RECURSION = YES;
				CLANG_WARN_INT_CONVERSION = YES;
				CLANG_WARN_NON_LITERAL_NULL_CONVERSION = YES;
				CLANG_WARN_OBJC_LITERAL_CONVERSION = YES;
				CLANG_WARN_OBJC_ROOT_CLASS = YES_ERROR;
				CLANG_WARN_RANGE_LOOP_ANALYSIS = YES;
				CLANG_WARN_STRICT_PROTOTYPES = YES;
				CLANG_WARN_SUSPICIOUS_MOVE = YES;
				CLANG_WARN_UNGUARDED_AVAILABILITY = YES_AGGRESSIVE;
				CLANG_WARN_UNREACHABLE_CODE = YES;
				CLANG_WARN__DUPLICATE_METHOD_MATCH = YES;
				CODE_SIGN_IDENTITY = "iPhone Developer";
				COPY_PHASE_STRIP = NO;
				DEBUG_INFORMATION_FORMAT = "dwarf-with-dsym";
				ENABLE_NS_ASSERTIONS = NO;
				ENABLE_STRICT_OBJC_MSGSEND = YES;
				GCC_C_LANGUAGE_STANDARD = gnu11;
				GCC_NO_COMMON_BLOCKS = YES;
				GCC_WARN_64_TO_32_BIT_CONVERSION = YES;
				GCC_WARN_ABOUT_RETURN_TYPE = YES_ERROR;
				GCC_WARN_UNDECLARED_SELECTOR = YES;
				GCC_WARN_UNINITIALIZED_AUTOS = YES_AGGRESSIVE;
				GCC_WARN_UNUSED_FUNCTION = YES;
				GCC_WARN_UNUSED_VARIABLE = YES;
				IPHONEOS_DEPLOYMENT_TARGET = 11.1;
				MTL_ENABLE_DEBUG_INFO = NO;
				SDKROOT = iphoneos;
				VALIDATE_PRODUCT = YES;
			};
			name = Release;
		};
		370A7D641FDFCE7900A7157F /* Debug */ = {
			isa = XCBuildConfiguration;
			baseConfigurationReference = 0DBCE6B0978A4375D2C68987 /* Pods-CDMasonryUsageDemo.debug.xcconfig */;
			buildSettings = {
				ASSETCATALOG_COMPILER_APPICON_NAME = AppIcon;
				ASSETCATALOG_COMPILER_LAUNCHIMAGE_NAME = LaunchImage;
				CODE_SIGN_STYLE = Automatic;
				DEVELOPMENT_TEAM = Q2292425WF;
				INFOPLIST_FILE = CDMasonryUsageDemo/Info.plist;
				IPHONEOS_DEPLOYMENT_TARGET = 8.0;
				LD_RUNPATH_SEARCH_PATHS = "$(inherited) @executable_path/Frameworks";
				PRODUCT_BUNDLE_IDENTIFIER = Comtop.CDMasonryUsageDemo;
				PRODUCT_NAME = "$(TARGET_NAME)";
				TARGETED_DEVICE_FAMILY = 1;
			};
			name = Debug;
		};
		370A7D651FDFCE7900A7157F /* Release */ = {
			isa = XCBuildConfiguration;
			baseConfigurationReference = 0C00F9847A89C9F1DD27780E /* Pods-CDMasonryUsageDemo.release.xcconfig */;
			buildSettings = {
				ASSETCATALOG_COMPILER_APPICON_NAME = AppIcon;
				ASSETCATALOG_COMPILER_LAUNCHIMAGE_NAME = LaunchImage;
				CODE_SIGN_STYLE = Automatic;
				DEVELOPMENT_TEAM = Q2292425WF;
				INFOPLIST_FILE = CDMasonryUsageDemo/Info.plist;
				IPHONEOS_DEPLOYMENT_TARGET = 8.0;
				LD_RUNPATH_SEARCH_PATHS = "$(inherited) @executable_path/Frameworks";
				PRODUCT_BUNDLE_IDENTIFIER = Comtop.CDMasonryUsageDemo;
				PRODUCT_NAME = "$(TARGET_NAME)";
				TARGETED_DEVICE_FAMILY = 1;
			};
			name = Release;
		};
/* End XCBuildConfiguration section */

/* Begin XCConfigurationList section */
		370A7D481FDFCE7900A7157F /* Build configuration list for PBXProject "CDMasonryUsageDemo" */ = {
			isa = XCConfigurationList;
			buildConfigurations = (
				370A7D611FDFCE7900A7157F /* Debug */,
				370A7D621FDFCE7900A7157F /* Release */,
			);
			defaultConfigurationIsVisible = 0;
			defaultConfigurationName = Release;
		};
		370A7D631FDFCE7900A7157F /* Build configuration list for PBXNativeTarget "CDMasonryUsageDemo" */ = {
			isa = XCConfigurationList;
			buildConfigurations = (
				370A7D641FDFCE7900A7157F /* Debug */,
				370A7D651FDFCE7900A7157F /* Release */,
			);
			defaultConfigurationIsVisible = 0;
			defaultConfigurationName = Release;
		};
/* End XCConfigurationList section */
	};
	rootObject = 370A7D451FDFCE7900A7157F /* Project object */;
}
